
Microsoft Visual Studio Solution File, Format Version 12.00
# Visual Studio 2013
VisualStudioVersion = 12.0.31101.0
MinimumVisualStudioVersion = 10.0.40219.1
Project("{FAE04EC0-301F-11D3-BF4B-00C04F79EFBC}") = "SelectionSort", "..\SelectionSort\SelectionSort.csproj", "{69650ACC-DA05-4FAC-8BA2-F01B6E64B79B}"
EndProject
Project("{FAE04EC0-301F-11D3-BF4B-00C04F79EFBC}") = "BubbleSort", "BubbleSort\BubbleSort.csproj", "{D6662E11-9B25-4F6D-B31A-86A82EC7ED21}"
EndProject
Global
	GlobalSection(SolutionConfigurationPlatforms) = preSolution
		Debug|Any CPU = Debug|Any CPU
		Release|Any CPU = Release|Any CPU
	EndGlobalSection
	GlobalSection(ProjectConfigurationPlatforms) = postSolution
		{69650ACC-DA05-4FAC-8BA2-F01B6E64B79B}.Debug|Any CPU.ActiveCfg = Debug|Any CPU
		{69650ACC-DA05-4FAC-8BA2-F01B6E64B79B}.Debug|Any CPU.Build.0 = Debug|Any CPU
		{69650ACC-DA05-4FAC-8BA2-F01B6E64B79B}.Release|Any CPU.ActiveCfg = Release|Any CPU
		{69650ACC-DA05-4FAC-8BA2-F01B6E64B79B}.Release|Any CPU.Build.0 = Release|Any CPU
		{D6662E11-9B25-4F6D-B31A-86A82EC7ED21}.Debug|Any CPU.ActiveCfg = Debug|Any CPU
		{D6662E11-9B25-4F6D-B31A-86A82EC7ED21}.Debug|Any CPU.Build.0 = Debug|Any CPU
		{D6662E11-9B25-4F6D-B31A-86A82EC7ED21}.Release|Any CPU.ActiveCfg = Release|Any CPU
		{D6662E11-9B25-4F6D-B31A-86A82EC7ED21}.Release|Any CPU.Build.0 = Release|Any CPU
	EndGlobalSection
	GlobalSection(SolutionProperties) = preSolution
		HideSolutionNode = FALSE
	EndGlobalSection
EndGlobal
