
Microsoft Visual Studio Solution File, Format Version 12.00
# Visual Studio 2013
VisualStudioVersion = 12.0.30723.0
MinimumVisualStudioVersion = 10.0.40219.1
Project("{FAE04EC0-301F-11D3-BF4B-00C04F79EFBC}") = "StoreCredit", "StoreCredit\StoreCredit.csproj", "{C2F1A44C-DFFB-4B34-86C1-EF4F8E1A91A3}"
EndProject
Project("{FAE04EC0-301F-11D3-BF4B-00C04F79EFBC}") = "ReverseWords", "ReverseWords\ReverseWords.csproj", "{B1AC0214-33F8-4FDD-8939-894873D656D6}"
EndProject
Project("{FAE04EC0-301F-11D3-BF4B-00C04F79EFBC}") = "T9Spelling", "T9Spelling\T9Spelling.csproj", "{0D5884B7-8331-4D31-97EF-41D053EDAD23}"
EndProject
Global
	GlobalSection(SolutionConfigurationPlatforms) = preSolution
		Debug|Any CPU = Debug|Any CPU
		Release|Any CPU = Release|Any CPU
	EndGlobalSection
	GlobalSection(ProjectConfigurationPlatforms) = postSolution
		{C2F1A44C-DFFB-4B34-86C1-EF4F8E1A91A3}.Debug|Any CPU.ActiveCfg = Debug|Any CPU
		{C2F1A44C-DFFB-4B34-86C1-EF4F8E1A91A3}.Debug|Any CPU.Build.0 = Debug|Any CPU
		{C2F1A44C-DFFB-4B34-86C1-EF4F8E1A91A3}.Release|Any CPU.ActiveCfg = Release|Any CPU
		{C2F1A44C-DFFB-4B34-86C1-EF4F8E1A91A3}.Release|Any CPU.Build.0 = Release|Any CPU
		{B1AC0214-33F8-4FDD-8939-894873D656D6}.Debug|Any CPU.ActiveCfg = Debug|Any CPU
		{B1AC0214-33F8-4FDD-8939-894873D656D6}.Debug|Any CPU.Build.0 = Debug|Any CPU
		{B1AC0214-33F8-4FDD-8939-894873D656D6}.Release|Any CPU.ActiveCfg = Release|Any CPU
		{B1AC0214-33F8-4FDD-8939-894873D656D6}.Release|Any CPU.Build.0 = Release|Any CPU
		{0D5884B7-8331-4D31-97EF-41D053EDAD23}.Debug|Any CPU.ActiveCfg = Debug|Any CPU
		{0D5884B7-8331-4D31-97EF-41D053EDAD23}.Debug|Any CPU.Build.0 = Debug|Any CPU
		{0D5884B7-8331-4D31-97EF-41D053EDAD23}.Release|Any CPU.ActiveCfg = Release|Any CPU
		{0D5884B7-8331-4D31-97EF-41D053EDAD23}.Release|Any CPU.Build.0 = Release|Any CPU
	EndGlobalSection
	GlobalSection(SolutionProperties) = preSolution
		HideSolutionNode = FALSE
	EndGlobalSection
EndGlobal
