
Microsoft Visual Studio Solution File, Format Version 12.00
# Visual Studio 14
VisualStudioVersion = 14.0.22823.1
MinimumVisualStudioVersion = 10.0.40219.1
Project("{FAE04EC0-301F-11D3-BF4B-00C04F79EFBC}") = "HasDuplicate", "Interviews\HasDuplicate.csproj", "{1E31CC30-3E44-46BB-AAFC-87A56A965B8B}"
EndProject
Project("{FAE04EC0-301F-11D3-BF4B-00C04F79EFBC}") = "SplitFunction", "SplitFunction\SplitFunction.csproj", "{74F3FA4C-DE71-42F6-A3E9-D68A10802CAC}"
EndProject
Project("{FAE04EC0-301F-11D3-BF4B-00C04F79EFBC}") = "AllIndexesOf", "AllIndexesOf\AllIndexesOf.csproj", "{D22CC471-10FB-4F69-ACFC-6A6C56CB5FD6}"
EndProject
Project("{FAE04EC0-301F-11D3-BF4B-00C04F79EFBC}") = "CountWords", "CountWords\CountWords.csproj", "{B5F1ECB2-FDF1-4CC3-B06B-CA1372AF2FFF}"
EndProject
Project("{FAE04EC0-301F-11D3-BF4B-00C04F79EFBC}") = "LongestWord", "LongestWord\LongestWord.csproj", "{7F7250FF-621C-49D1-BC0C-C2F39E82CEE9}"
EndProject
Project("{FAE04EC0-301F-11D3-BF4B-00C04F79EFBC}") = "CollectionLibrary", "CollectionLibrary\CollectionLibrary.csproj", "{89AB8938-0B61-47EE-B3AE-9DA3A7C2C665}"
EndProject
Project("{FAE04EC0-301F-11D3-BF4B-00C04F79EFBC}") = "LinkedListCombination", "LinkedListCombination\LinkedListCombination.csproj", "{34C031EB-A38D-432A-8E0D-115E37B4D188}"
EndProject
Project("{FAE04EC0-301F-11D3-BF4B-00C04F79EFBC}") = "DuplicateArray", "DuplicateArray\DuplicateArray.csproj", "{56D888EB-48ED-4F48-895D-825DFA9495CE}"
EndProject
Global
	GlobalSection(SolutionConfigurationPlatforms) = preSolution
		Debug|Any CPU = Debug|Any CPU
		Release|Any CPU = Release|Any CPU
	EndGlobalSection
	GlobalSection(ProjectConfigurationPlatforms) = postSolution
		{1E31CC30-3E44-46BB-AAFC-87A56A965B8B}.Debug|Any CPU.ActiveCfg = Debug|Any CPU
		{1E31CC30-3E44-46BB-AAFC-87A56A965B8B}.Debug|Any CPU.Build.0 = Debug|Any CPU
		{1E31CC30-3E44-46BB-AAFC-87A56A965B8B}.Release|Any CPU.ActiveCfg = Release|Any CPU
		{1E31CC30-3E44-46BB-AAFC-87A56A965B8B}.Release|Any CPU.Build.0 = Release|Any CPU
		{74F3FA4C-DE71-42F6-A3E9-D68A10802CAC}.Debug|Any CPU.ActiveCfg = Debug|Any CPU
		{74F3FA4C-DE71-42F6-A3E9-D68A10802CAC}.Debug|Any CPU.Build.0 = Debug|Any CPU
		{74F3FA4C-DE71-42F6-A3E9-D68A10802CAC}.Release|Any CPU.ActiveCfg = Release|Any CPU
		{74F3FA4C-DE71-42F6-A3E9-D68A10802CAC}.Release|Any CPU.Build.0 = Release|Any CPU
		{D22CC471-10FB-4F69-ACFC-6A6C56CB5FD6}.Debug|Any CPU.ActiveCfg = Debug|Any CPU
		{D22CC471-10FB-4F69-ACFC-6A6C56CB5FD6}.Debug|Any CPU.Build.0 = Debug|Any CPU
		{D22CC471-10FB-4F69-ACFC-6A6C56CB5FD6}.Release|Any CPU.ActiveCfg = Release|Any CPU
		{D22CC471-10FB-4F69-ACFC-6A6C56CB5FD6}.Release|Any CPU.Build.0 = Release|Any CPU
		{B5F1ECB2-FDF1-4CC3-B06B-CA1372AF2FFF}.Debug|Any CPU.ActiveCfg = Debug|Any CPU
		{B5F1ECB2-FDF1-4CC3-B06B-CA1372AF2FFF}.Debug|Any CPU.Build.0 = Debug|Any CPU
		{B5F1ECB2-FDF1-4CC3-B06B-CA1372AF2FFF}.Release|Any CPU.ActiveCfg = Release|Any CPU
		{B5F1ECB2-FDF1-4CC3-B06B-CA1372AF2FFF}.Release|Any CPU.Build.0 = Release|Any CPU
		{7F7250FF-621C-49D1-BC0C-C2F39E82CEE9}.Debug|Any CPU.ActiveCfg = Debug|Any CPU
		{7F7250FF-621C-49D1-BC0C-C2F39E82CEE9}.Debug|Any CPU.Build.0 = Debug|Any CPU
		{7F7250FF-621C-49D1-BC0C-C2F39E82CEE9}.Release|Any CPU.ActiveCfg = Release|Any CPU
		{7F7250FF-621C-49D1-BC0C-C2F39E82CEE9}.Release|Any CPU.Build.0 = Release|Any CPU
		{89AB8938-0B61-47EE-B3AE-9DA3A7C2C665}.Debug|Any CPU.ActiveCfg = Debug|Any CPU
		{89AB8938-0B61-47EE-B3AE-9DA3A7C2C665}.Debug|Any CPU.Build.0 = Debug|Any CPU
		{89AB8938-0B61-47EE-B3AE-9DA3A7C2C665}.Release|Any CPU.ActiveCfg = Release|Any CPU
		{89AB8938-0B61-47EE-B3AE-9DA3A7C2C665}.Release|Any CPU.Build.0 = Release|Any CPU
		{34C031EB-A38D-432A-8E0D-115E37B4D188}.Debug|Any CPU.ActiveCfg = Debug|Any CPU
		{34C031EB-A38D-432A-8E0D-115E37B4D188}.Debug|Any CPU.Build.0 = Debug|Any CPU
		{34C031EB-A38D-432A-8E0D-115E37B4D188}.Release|Any CPU.ActiveCfg = Release|Any CPU
		{34C031EB-A38D-432A-8E0D-115E37B4D188}.Release|Any CPU.Build.0 = Release|Any CPU
		{56D888EB-48ED-4F48-895D-825DFA9495CE}.Debug|Any CPU.ActiveCfg = Debug|Any CPU
		{56D888EB-48ED-4F48-895D-825DFA9495CE}.Debug|Any CPU.Build.0 = Debug|Any CPU
		{56D888EB-48ED-4F48-895D-825DFA9495CE}.Release|Any CPU.ActiveCfg = Release|Any CPU
		{56D888EB-48ED-4F48-895D-825DFA9495CE}.Release|Any CPU.Build.0 = Release|Any CPU
	EndGlobalSection
	GlobalSection(SolutionProperties) = preSolution
		HideSolutionNode = FALSE
	EndGlobalSection
	GlobalSection(MonoDevelopProperties) = preSolution
		StartupItem = LongestWord\LongestWord.csproj
	EndGlobalSection
EndGlobal
